
Microsoft Visual Studio Solution File, Format Version 12.00
# Visual Studio Version 17
VisualStudioVersion = 17.11.35327.3
MinimumVisualStudioVersion = 10.0.40219.1
Project("{FAE04EC0-301F-11D3-BF4B-00C04F79EFBC}") = "DSManager", "DSManager.csproj", "{8C014037-09E7-4E9F-8969-D16DE647E4FA}"
EndProject
Global
	GlobalSection(SolutionConfigurationPlatforms) = preSolution
		Debug|Any CPU = Debug|Any CPU
		Release|Any CPU = Release|Any CPU
	EndGlobalSection
	GlobalSection(ProjectConfigurationPlatforms) = postSolution
		{8C014037-09E7-4E9F-8969-D16DE647E4FA}.Debug|Any CPU.ActiveCfg = Debug|Any CPU
		{8C014037-09E7-4E9F-8969-D16DE647E4FA}.Debug|Any CPU.Build.0 = Debug|Any CPU
		{8C014037-09E7-4E9F-8969-D16DE647E4FA}.Release|Any CPU.ActiveCfg = Release|Any CPU
		{8C014037-09E7-4E9F-8969-D16DE647E4FA}.Release|Any CPU.Build.0 = Release|Any CPU
	EndGlobalSection
	GlobalSection(SolutionProperties) = preSolution
		HideSolutionNode = FALSE
	EndGlobalSection
	GlobalSection(ExtensibilityGlobals) = postSolution
		SolutionGuid = {2EB661A0-FEF0-40E6-869C-5FD62FC6E79B}
	EndGlobalSection
EndGlobal
